
Microsoft Visual Studio Solution File, Format Version 12.00
# Visual Studio Version 17
VisualStudioVersion = 17.0.31903.59
MinimumVisualStudioVersion = 10.0.40219.1
Project("{FAE04EC0-301F-11D3-BF4B-00C04F79EFBC}") = "BlogApp", "BlogApp\BlogApp.csproj", "{A5E9D51B-6E0B-405E-BCDF-F94F8B6B9A7C}"
EndProject
Project("{FAE04EC0-301F-11D3-BF4B-00C04F79EFBC}") = "Entities", "Entities\Entities.csproj", "{48B4AF18-7957-428D-8B71-7DF055976834}"
EndProject
Project("{FAE04EC0-301F-11D3-BF4B-00C04F79EFBC}") = "Repositories", "Repositories\Repositories.csproj", "{5668FA26-DAE4-4331-84C4-B2B558DBB475}"
EndProject
Project("{FAE04EC0-301F-11D3-BF4B-00C04F79EFBC}") = "Services", "Services\Services.csproj", "{9A1BBAD0-8D35-41CC-9DA2-9C260B8CB0DA}"
EndProject
Global
	GlobalSection(SolutionConfigurationPlatforms) = preSolution
		Debug|Any CPU = Debug|Any CPU
		Release|Any CPU = Release|Any CPU
	EndGlobalSection
	GlobalSection(SolutionProperties) = preSolution
		HideSolutionNode = FALSE
	EndGlobalSection
	GlobalSection(ProjectConfigurationPlatforms) = postSolution
		{A5E9D51B-6E0B-405E-BCDF-F94F8B6B9A7C}.Debug|Any CPU.ActiveCfg = Debug|Any CPU
		{A5E9D51B-6E0B-405E-BCDF-F94F8B6B9A7C}.Debug|Any CPU.Build.0 = Debug|Any CPU
		{A5E9D51B-6E0B-405E-BCDF-F94F8B6B9A7C}.Release|Any CPU.ActiveCfg = Release|Any CPU
		{A5E9D51B-6E0B-405E-BCDF-F94F8B6B9A7C}.Release|Any CPU.Build.0 = Release|Any CPU
		{48B4AF18-7957-428D-8B71-7DF055976834}.Debug|Any CPU.ActiveCfg = Debug|Any CPU
		{48B4AF18-7957-428D-8B71-7DF055976834}.Debug|Any CPU.Build.0 = Debug|Any CPU
		{48B4AF18-7957-428D-8B71-7DF055976834}.Release|Any CPU.ActiveCfg = Release|Any CPU
		{48B4AF18-7957-428D-8B71-7DF055976834}.Release|Any CPU.Build.0 = Release|Any CPU
		{5668FA26-DAE4-4331-84C4-B2B558DBB475}.Debug|Any CPU.ActiveCfg = Debug|Any CPU
		{5668FA26-DAE4-4331-84C4-B2B558DBB475}.Debug|Any CPU.Build.0 = Debug|Any CPU
		{5668FA26-DAE4-4331-84C4-B2B558DBB475}.Release|Any CPU.ActiveCfg = Release|Any CPU
		{5668FA26-DAE4-4331-84C4-B2B558DBB475}.Release|Any CPU.Build.0 = Release|Any CPU
		{9A1BBAD0-8D35-41CC-9DA2-9C260B8CB0DA}.Debug|Any CPU.ActiveCfg = Debug|Any CPU
		{9A1BBAD0-8D35-41CC-9DA2-9C260B8CB0DA}.Debug|Any CPU.Build.0 = Debug|Any CPU
		{9A1BBAD0-8D35-41CC-9DA2-9C260B8CB0DA}.Release|Any CPU.ActiveCfg = Release|Any CPU
		{9A1BBAD0-8D35-41CC-9DA2-9C260B8CB0DA}.Release|Any CPU.Build.0 = Release|Any CPU
	EndGlobalSection
EndGlobal
